
Microsoft Visual Studio Solution File, Format Version 12.00
# Visual Studio Version 17
VisualStudioVersion = 17.9.34622.214
MinimumVisualStudioVersion = 10.0.40219.1
Project("{9A19103F-16F7-4668-BE54-9A1E7A4F7556}") = "Service", "Backend\Service.csproj", "{7AD53D7D-53BA-494B-8F77-D57DCD84FC95}"
EndProject
Project("{9A19103F-16F7-4668-BE54-9A1E7A4F7556}") = "UI", "FrontEnd\UI.csproj", "{BA91AC91-1724-4027-A0E1-6E826417A7F7}"
EndProject
Global
	GlobalSection(SolutionConfigurationPlatforms) = preSolution
		Debug|Any CPU = Debug|Any CPU
		Release|Any CPU = Release|Any CPU
	EndGlobalSection
	GlobalSection(ProjectConfigurationPlatforms) = postSolution
		{7AD53D7D-53BA-494B-8F77-D57DCD84FC95}.Debug|Any CPU.ActiveCfg = Debug|Any CPU
		{7AD53D7D-53BA-494B-8F77-D57DCD84FC95}.Debug|Any CPU.Build.0 = Debug|Any CPU
		{7AD53D7D-53BA-494B-8F77-D57DCD84FC95}.Release|Any CPU.ActiveCfg = Release|Any CPU
		{7AD53D7D-53BA-494B-8F77-D57DCD84FC95}.Release|Any CPU.Build.0 = Release|Any CPU
		{BA91AC91-1724-4027-A0E1-6E826417A7F7}.Debug|Any CPU.ActiveCfg = Debug|Any CPU
		{BA91AC91-1724-4027-A0E1-6E826417A7F7}.Debug|Any CPU.Build.0 = Debug|Any CPU
		{BA91AC91-1724-4027-A0E1-6E826417A7F7}.Release|Any CPU.ActiveCfg = Release|Any CPU
		{BA91AC91-1724-4027-A0E1-6E826417A7F7}.Release|Any CPU.Build.0 = Release|Any CPU
	EndGlobalSection
	GlobalSection(SolutionProperties) = preSolution
		HideSolutionNode = FALSE
	EndGlobalSection
	GlobalSection(ExtensibilityGlobals) = postSolution
		SolutionGuid = {AA714744-1694-4853-9D95-1AC09A7BAA6A}
	EndGlobalSection
EndGlobal
